<?xml version="1.0" encoding="utf-8"?>
<Project ToolsVersion="4.0" xmlns="http://schemas.microsoft.com/developer/msbuild/2003">
  <ItemGroup>
    <Filter Include="ソース ファイル">
      <UniqueIdentifier>{4FC737F1-C7A5-4376-A066-2A32D752A2FF}</UniqueIdentifier>
      <Extensions>cpp;c;cc;cxx;c++;cppm;ixx;def;odl;idl;hpj;bat;asm;asmx</Extensions>
    </Filter>
    <Filter Include="ヘッダー ファイル">
      <UniqueIdentifier>{93995380-89BD-4b04-88EB-625FBE52EBFB}</UniqueIdentifier>
      <Extensions>h;hh;hpp;hxx;h++;hm;inl;inc;ipp;xsd</Extensions>
    </Filter>
    <Filter Include="リソース ファイル">
      <UniqueIdentifier>{67DA6AB6-F800-4c08-8B7A-83BB121AAD01}</UniqueIdentifier>
      <Extensions>rc;ico;cur;bmp;dlg;rc2;rct;bin;rgs;gif;jpg;jpeg;jpe;resx;tiff;tif;png;wav;mfcribbon-ms</Extensions>
    </Filter>
    <Filter Include="Component">
      <UniqueIdentifier>{cc5faa08-41b5-4024-a145-4a3c0f6d1674}</UniqueIdentifier>
    </Filter>
    <Filter Include="Component\GameObjectComponent">
      <UniqueIdentifier>{0e739d2c-ef5b-4492-81df-cb83dc11d70d}</UniqueIdentifier>
    </Filter>
    <Filter Include="Component\UIComponent">
      <UniqueIdentifier>{82a2f100-261d-456a-91ee-6d4667374fba}</UniqueIdentifier>
    </Filter>
    <Filter Include="GameObject">
      <UniqueIdentifier>{de51c4e8-5d06-4c5c-8de1-de82918806ab}</UniqueIdentifier>
    </Filter>
    <Filter Include="UI">
      <UniqueIdentifier>{89cd37b6-8260-4b9e-9942-327dc2a17649}</UniqueIdentifier>
    </Filter>
    <Filter Include="Scene">
      <UniqueIdentifier>{ba9077b2-79b0-48ca-b492-794cb59d7abb}</UniqueIdentifier>
    </Filter>
  </ItemGroup>
  <ItemGroup>
    <ClCompile Include="main.cpp">
      <Filter>ソース ファイル</Filter>
    </ClCompile>
    <ClCompile Include="manager.cpp">
      <Filter>ソース ファイル</Filter>
    </ClCompile>
    <ClCompile Include="renderer.cpp">
      <Filter>ソース ファイル</Filter>
    </ClCompile>
    <ClCompile Include="modelRenderer.cpp">
      <Filter>ソース ファイル</Filter>
    </ClCompile>
    <ClCompile Include="input.cpp">
      <Filter>ソース ファイル</Filter>
    </ClCompile>
    <ClCompile Include="moveObject.cpp">
      <Filter>ソース ファイル</Filter>
    </ClCompile>
    <ClCompile Include="collision.cpp">
      <Filter>ソース ファイル</Filter>
    </ClCompile>
    <ClCompile Include="audio.cpp">
      <Filter>ソース ファイル</Filter>
    </ClCompile>
    <ClCompile Include="animationModel.cpp">
      <Filter>ソース ファイル</Filter>
    </ClCompile>
    <ClCompile Include="transform3DComponent.cpp">
      <Filter>Component\GameObjectComponent</Filter>
    </ClCompile>
    <ClCompile Include="box.cpp">
      <Filter>GameObject</Filter>
    </ClCompile>
    <ClCompile Include="bullet.cpp">
      <Filter>GameObject</Filter>
    </ClCompile>
    <ClCompile Include="camera.cpp">
      <Filter>GameObject</Filter>
    </ClCompile>
    <ClCompile Include="cylinder.cpp">
      <Filter>GameObject</Filter>
    </ClCompile>
    <ClCompile Include="enemy.cpp">
      <Filter>GameObject</Filter>
    </ClCompile>
    <ClCompile Include="explosion.cpp">
      <Filter>GameObject</Filter>
    </ClCompile>
    <ClCompile Include="field.cpp">
      <Filter>GameObject</Filter>
    </ClCompile>
    <ClCompile Include="meshField.cpp">
      <Filter>GameObject</Filter>
    </ClCompile>
    <ClCompile Include="player.cpp">
      <Filter>GameObject</Filter>
    </ClCompile>
    <ClCompile Include="particleEmitter.cpp">
      <Filter>GameObject</Filter>
    </ClCompile>
    <ClCompile Include="sky.cpp">
      <Filter>GameObject</Filter>
    </ClCompile>
    <ClCompile Include="tree.cpp">
      <Filter>GameObject</Filter>
    </ClCompile>
    <ClCompile Include="predation.cpp">
      <Filter>GameObject</Filter>
    </ClCompile>
    <ClCompile Include="transform2DComponent.cpp">
      <Filter>Component\GameObjectComponent</Filter>
    </ClCompile>
    <ClCompile Include="time.cpp">
      <Filter>UI</Filter>
    </ClCompile>
    <ClCompile Include="score.cpp">
      <Filter>UI</Filter>
    </ClCompile>
    <ClCompile Include="polygon2D.cpp">
      <Filter>UI</Filter>
    </ClCompile>
    <ClCompile Include="textureComponent.cpp">
      <Filter>Component\UIComponent</Filter>
    </ClCompile>
    <ClCompile Include="transform3DAnimaitonComponent.cpp">
      <Filter>Component\GameObjectComponent</Filter>
    </ClCompile>
    <ClCompile Include="boxColiderComponent.cpp">
      <Filter>Component\GameObjectComponent</Filter>
    </ClCompile>
    <ClCompile Include="game.cpp">
      <Filter>Scene</Filter>
    </ClCompile>
    <ClCompile Include="result.cpp">
      <Filter>Scene</Filter>
    </ClCompile>
    <ClCompile Include="title.cpp">
      <Filter>Scene</Filter>
    </ClCompile>
    <ClCompile Include="texture2D.cpp">
      <Filter>UI</Filter>
    </ClCompile>
  </ItemGroup>
  <ItemGroup>
    <ClInclude Include="main.h">
      <Filter>ヘッダー ファイル</Filter>
    </ClInclude>
    <ClInclude Include="manager.h">
      <Filter>ヘッダー ファイル</Filter>
    </ClInclude>
    <ClInclude Include="renderer.h">
      <Filter>ヘッダー ファイル</Filter>
    </ClInclude>
    <ClInclude Include="modelRenderer.h">
      <Filter>ヘッダー ファイル</Filter>
    </ClInclude>
    <ClInclude Include="input.h">
      <Filter>ヘッダー ファイル</Filter>
    </ClInclude>
    <ClInclude Include="moveObject.h">
      <Filter>ヘッダー ファイル</Filter>
    </ClInclude>
    <ClInclude Include="collision.h">
      <Filter>ヘッダー ファイル</Filter>
    </ClInclude>
    <ClInclude Include="audio.h">
      <Filter>ヘッダー ファイル</Filter>
    </ClInclude>
    <ClInclude Include="animationModel.h">
      <Filter>ヘッダー ファイル</Filter>
    </ClInclude>
    <ClInclude Include="gameObjectComponent.h">
      <Filter>Component\GameObjectComponent</Filter>
    </ClInclude>
    <ClInclude Include="transform3DComponent.h">
      <Filter>Component\GameObjectComponent</Filter>
    </ClInclude>
    <ClInclude Include="transform.h">
      <Filter>Component\GameObjectComponent</Filter>
    </ClInclude>
    <ClInclude Include="transform2DComponent.h">
      <Filter>Component\GameObjectComponent</Filter>
    </ClInclude>
    <ClInclude Include="uiComponent.h">
      <Filter>Component\UIComponent</Filter>
    </ClInclude>
    <ClInclude Include="box.h">
      <Filter>GameObject</Filter>
    </ClInclude>
    <ClInclude Include="bullet.h">
      <Filter>GameObject</Filter>
    </ClInclude>
    <ClInclude Include="camera.h">
      <Filter>GameObject</Filter>
    </ClInclude>
    <ClInclude Include="cylinder.h">
      <Filter>GameObject</Filter>
    </ClInclude>
    <ClInclude Include="enemy.h">
      <Filter>GameObject</Filter>
    </ClInclude>
    <ClInclude Include="explosion.h">
      <Filter>GameObject</Filter>
    </ClInclude>
    <ClInclude Include="field.h">
      <Filter>GameObject</Filter>
    </ClInclude>
    <ClInclude Include="meshField.h">
      <Filter>GameObject</Filter>
    </ClInclude>
    <ClInclude Include="player.h">
      <Filter>GameObject</Filter>
    </ClInclude>
    <ClInclude Include="particleEmitter.h">
      <Filter>GameObject</Filter>
    </ClInclude>
    <ClInclude Include="predation.h">
      <Filter>GameObject</Filter>
    </ClInclude>
    <ClInclude Include="tree.h">
      <Filter>GameObject</Filter>
    </ClInclude>
    <ClInclude Include="sky.h">
      <Filter>GameObject</Filter>
    </ClInclude>
    <ClInclude Include="gameObject.h">
      <Filter>GameObject</Filter>
    </ClInclude>
    <ClInclude Include="polygon2D.h">
      <Filter>UI</Filter>
    </ClInclude>
    <ClInclude Include="score.h">
      <Filter>UI</Filter>
    </ClInclude>
    <ClInclude Include="time.h">
      <Filter>UI</Filter>
    </ClInclude>
    <ClInclude Include="UI.h">
      <Filter>UI</Filter>
    </ClInclude>
    <ClInclude Include="textureComponent.h">
      <Filter>Component\UIComponent</Filter>
    </ClInclude>
    <ClInclude Include="texture.h">
      <Filter>Component\UIComponent</Filter>
    </ClInclude>
    <ClInclude Include="transform3DAnimaitonComponent.h">
      <Filter>Component\GameObjectComponent</Filter>
    </ClInclude>
    <ClInclude Include="colider.h">
      <Filter>Component\GameObjectComponent</Filter>
    </ClInclude>
    <ClInclude Include="boxColiderComponent.h">
      <Filter>Component\GameObjectComponent</Filter>
    </ClInclude>
    <ClInclude Include="game.h">
      <Filter>Scene</Filter>
    </ClInclude>
    <ClInclude Include="result.h">
      <Filter>Scene</Filter>
    </ClInclude>
    <ClInclude Include="scene.h">
      <Filter>Scene</Filter>
    </ClInclude>
    <ClInclude Include="title.h">
      <Filter>Scene</Filter>
    </ClInclude>
    <ClInclude Include="sceneState.h">
      <Filter>Scene</Filter>
    </ClInclude>
    <ClInclude Include="texture2D.h">
      <Filter>UI</Filter>
    </ClInclude>
    <ClInclude Include="component.h">
      <Filter>Component</Filter>
    </ClInclude>
  </ItemGroup>
  <ItemGroup>
    <FxCompile Include="shader\common.hlsl" />
    <FxCompile Include="shader\unlitTexturePS.hlsl" />
    <FxCompile Include="shader\unlitTextureVS.hlsl" />
    <FxCompile Include="shader\vertexDirectionalLightingPS.hlsl" />
    <FxCompile Include="shader\vertexDirectionalLightingVS.hlsl" />
    <FxCompile Include="shader\pixelLightingPS.hlsl" />
    <FxCompile Include="shader\pixelLightingVS.hlsl" />
    <FxCompile Include="shader\LimLightingPS.hlsl" />
    <FxCompile Include="shader\LimLightingVS.hlsl" />
    <FxCompile Include="shader\vertexLightingPS.hlsl" />
    <FxCompile Include="shader\vertexLightingVS.hlsl" />
  </ItemGroup>
</Project>